
Microsoft Visual Studio Solution File, Format Version 12.00
# Visual Studio Version 17
VisualStudioVersion = 17.11.35222.181
MinimumVisualStudioVersion = 10.0.40219.1
Project("{FAE04EC0-301F-11D3-BF4B-00C04F79EFBC}") = "HospitalApp", "HospitalApp\HospitalApp.csproj", "{18573A4C-CC63-4519-8102-ABB17EEB6981}"
EndProject
Global
	GlobalSection(SolutionConfigurationPlatforms) = preSolution
		Debug|Any CPU = Debug|Any CPU
		Release|Any CPU = Release|Any CPU
	EndGlobalSection
	GlobalSection(ProjectConfigurationPlatforms) = postSolution
		{18573A4C-CC63-4519-8102-ABB17EEB6981}.Debug|Any CPU.ActiveCfg = Debug|Any CPU
		{18573A4C-CC63-4519-8102-ABB17EEB6981}.Debug|Any CPU.Build.0 = Debug|Any CPU
		{18573A4C-CC63-4519-8102-ABB17EEB6981}.Release|Any CPU.ActiveCfg = Release|Any CPU
		{18573A4C-CC63-4519-8102-ABB17EEB6981}.Release|Any CPU.Build.0 = Release|Any CPU
	EndGlobalSection
	GlobalSection(SolutionProperties) = preSolution
		HideSolutionNode = FALSE
	EndGlobalSection
	GlobalSection(ExtensibilityGlobals) = postSolution
		SolutionGuid = {6685BF3B-0B4E-4E4E-B296-F83371435369}
	EndGlobalSection
EndGlobal
